
Microsoft Visual Studio Solution File, Format Version 12.00
# Visual Studio Version 16
VisualStudioVersion = 16.0.31019.35
MinimumVisualStudioVersion = 10.0.40219.1
Project("{FAE04EC0-301F-11D3-BF4B-00C04F79EFBC}") = "LinkedList", "LinkedList.csproj", "{AEB527F8-E0AF-4694-8CC1-151BF347328A}"
EndProject
Global
	GlobalSection(SolutionConfigurationPlatforms) = preSolution
		Debug|Any CPU = Debug|Any CPU
		Release|Any CPU = Release|Any CPU
	EndGlobalSection
	GlobalSection(ProjectConfigurationPlatforms) = postSolution
		{AEB527F8-E0AF-4694-8CC1-151BF347328A}.Debug|Any CPU.ActiveCfg = Debug|Any CPU
		{AEB527F8-E0AF-4694-8CC1-151BF347328A}.Debug|Any CPU.Build.0 = Debug|Any CPU
		{AEB527F8-E0AF-4694-8CC1-151BF347328A}.Release|Any CPU.ActiveCfg = Release|Any CPU
		{AEB527F8-E0AF-4694-8CC1-151BF347328A}.Release|Any CPU.Build.0 = Release|Any CPU
	EndGlobalSection
	GlobalSection(SolutionProperties) = preSolution
		HideSolutionNode = FALSE
	EndGlobalSection
	GlobalSection(ExtensibilityGlobals) = postSolution
		SolutionGuid = {F5BA4FFA-C391-4C03-93B5-AC5F7904BE2A}
	EndGlobalSection
EndGlobal
